DEPENDENCIES
  apt
    git: https://github.com/chef-cookbooks/apt.git
    revision: eb4d429b51182792c55ef665499a8513e78ed284
  build-essential
    git: https://github.com/chef-cookbooks/build-essential.git
    revision: 32b8ec0d5210719551e38970af8a7facbb387b8b
  locale
    git: https://github.com/chef-cookbooks/locale.git
    revision: c9dd7a3170193dfd0e1559fd048f2f3cfd801eca
  nodejs
    git: https://github.com/redguide/nodejs.git
    revision: 3f3cb4776ad391c14ff165d527876f4a3cc27552
  sudo
    git: https://github.com/chef-cookbooks/sudo.git
    revision: 748b533cf8ace6ef7422c9ea41909f34844885ee
  td-agent (~> 3.0.3)

GRAPH
  apt (7.1.1)
  ark (4.0.0)
    build-essential (>= 0.0.0)
    seven_zip (>= 0.0.0)
  build-essential (8.2.1)
    mingw (>= 1.1)
    seven_zip (>= 0.0.0)
  locale (2.1.0)
  mingw (2.1.0)
    seven_zip (>= 0.0.0)
  nodejs (6.0.0)
    ark (>= 2.0.2)
    build-essential (>= 5.0)
  seven_zip (3.1.0)
    windows (>= 0.0.0)
  sudo (5.4.4)
  td-agent (3.0.3)
    apt (>= 0.0.0)
    yum (>= 0.0.0)
  windows (5.2.2)
  yum (5.1.0)
